
Microsoft Visual Studio Solution File, Format Version 12.00
# Visual Studio Version 16
VisualStudioVersion = 16.0.31911.196
MinimumVisualStudioVersion = 10.0.40219.1
Project("{FAE04EC0-301F-11D3-BF4B-00C04F79EFBC}") = "SamplePeteWeb", "SamplePeteWebApp\SamplePeteWeb.csproj", "{111B3963-4360-491C-BD59-B11F249AF35D}"
EndProject
Project("{FAE04EC0-301F-11D3-BF4B-00C04F79EFBC}") = "SamplePeteService", "SamplePeteService\SamplePeteService.csproj", "{882461E6-6F70-4991-9BAE-60DA82DFC77F}"
EndProject
Project("{FAE04EC0-301F-11D3-BF4B-00C04F79EFBC}") = "SamplePeteTest", "SamplePeteTest\SamplePeteTest.csproj", "{4F807A2E-96F6-4878-9180-330F4921846B}"
EndProject
Global
	GlobalSection(SolutionConfigurationPlatforms) = preSolution
		Debug|Any CPU = Debug|Any CPU
		Release|Any CPU = Release|Any CPU
	EndGlobalSection
	GlobalSection(ProjectConfigurationPlatforms) = postSolution
		{111B3963-4360-491C-BD59-B11F249AF35D}.Debug|Any CPU.ActiveCfg = Debug|Any CPU
		{111B3963-4360-491C-BD59-B11F249AF35D}.Debug|Any CPU.Build.0 = Debug|Any CPU
		{111B3963-4360-491C-BD59-B11F249AF35D}.Release|Any CPU.ActiveCfg = Release|Any CPU
		{111B3963-4360-491C-BD59-B11F249AF35D}.Release|Any CPU.Build.0 = Release|Any CPU
		{882461E6-6F70-4991-9BAE-60DA82DFC77F}.Debug|Any CPU.ActiveCfg = Debug|Any CPU
		{882461E6-6F70-4991-9BAE-60DA82DFC77F}.Debug|Any CPU.Build.0 = Debug|Any CPU
		{882461E6-6F70-4991-9BAE-60DA82DFC77F}.Release|Any CPU.ActiveCfg = Release|Any CPU
		{882461E6-6F70-4991-9BAE-60DA82DFC77F}.Release|Any CPU.Build.0 = Release|Any CPU
		{4F807A2E-96F6-4878-9180-330F4921846B}.Debug|Any CPU.ActiveCfg = Debug|Any CPU
		{4F807A2E-96F6-4878-9180-330F4921846B}.Debug|Any CPU.Build.0 = Debug|Any CPU
		{4F807A2E-96F6-4878-9180-330F4921846B}.Release|Any CPU.ActiveCfg = Release|Any CPU
		{4F807A2E-96F6-4878-9180-330F4921846B}.Release|Any CPU.Build.0 = Release|Any CPU
	EndGlobalSection
	GlobalSection(SolutionProperties) = preSolution
		HideSolutionNode = FALSE
	EndGlobalSection
	GlobalSection(ExtensibilityGlobals) = postSolution
		SolutionGuid = {F79E507F-CFBA-4587-92C5-D61B5D77004D}
	EndGlobalSection
EndGlobal
